
Microsoft Visual Studio Solution File, Format Version 12.00
# Visual Studio Version 17
VisualStudioVersion = 17.11.35327.3
MinimumVisualStudioVersion = 10.0.40219.1
Project("{FAE04EC0-301F-11D3-BF4B-00C04F79EFBC}") = "Class hierarchy", "Class hierarchy\Class hierarchy.csproj", "{ED4BE6FC-F035-4B3D-BF5C-1E2ED197B5E9}"
EndProject
Global
	GlobalSection(SolutionConfigurationPlatforms) = preSolution
		Debug|Any CPU = Debug|Any CPU
		Release|Any CPU = Release|Any CPU
	EndGlobalSection
	GlobalSection(ProjectConfigurationPlatforms) = postSolution
		{ED4BE6FC-F035-4B3D-BF5C-1E2ED197B5E9}.Debug|Any CPU.ActiveCfg = Debug|Any CPU
		{ED4BE6FC-F035-4B3D-BF5C-1E2ED197B5E9}.Debug|Any CPU.Build.0 = Debug|Any CPU
		{ED4BE6FC-F035-4B3D-BF5C-1E2ED197B5E9}.Release|Any CPU.ActiveCfg = Release|Any CPU
		{ED4BE6FC-F035-4B3D-BF5C-1E2ED197B5E9}.Release|Any CPU.Build.0 = Release|Any CPU
	EndGlobalSection
	GlobalSection(SolutionProperties) = preSolution
		HideSolutionNode = FALSE
	EndGlobalSection
	GlobalSection(ExtensibilityGlobals) = postSolution
		SolutionGuid = {14A98301-B1EA-46D7-8F8B-92D5C7575416}
	EndGlobalSection
EndGlobal
