
Microsoft Visual Studio Solution File, Format Version 12.00
Project("{FAE04EC0-301F-11D3-BF4B-00C04F79EFBC}") = "Group-C", "Group-C\Group-C.csproj", "{452B3189-9260-4D74-A6F3-3E1F93893AF5}"
EndProject
Global
	GlobalSection(SolutionConfigurationPlatforms) = preSolution
		Debug|Any CPU = Debug|Any CPU
		Release|Any CPU = Release|Any CPU
	EndGlobalSection
	GlobalSection(ProjectConfigurationPlatforms) = postSolution
		{452B3189-9260-4D74-A6F3-3E1F93893AF5}.Debug|Any CPU.ActiveCfg = Debug|Any CPU
		{452B3189-9260-4D74-A6F3-3E1F93893AF5}.Debug|Any CPU.Build.0 = Debug|Any CPU
		{452B3189-9260-4D74-A6F3-3E1F93893AF5}.Release|Any CPU.ActiveCfg = Release|Any CPU
		{452B3189-9260-4D74-A6F3-3E1F93893AF5}.Release|Any CPU.Build.0 = Release|Any CPU
	EndGlobalSection
EndGlobal
